// !$*UTF8*$!
{
	archiveVersion = 1;
	classes = {
	};
	objectVersion = 51;
	objects = {

/* Begin PBXBuildFile section */
		25695FE34C1B825F815CC389 /* Pods_GoodComment.framework in Frameworks */ = {isa = PBXBuildFile; fileRef = 6B7E2793735AC1862DA0C647 /* Pods_GoodComment.framework */; };
		B308274326778CC300D9DBE4 /* TabBarController.swift in Sources */ = {isa = PBXBuildFile; fileRef = B308274226778CC300D9DBE4 /* TabBarController.swift */; };
		B30F78B6267E14ED00256742 /* UIColor-Extension.swift in Sources */ = {isa = PBXBuildFile; fileRef = B30F78B5267E14ED00256742 /* UIColor-Extension.swift */; };
		B33108652677876600179209 /* GoogleService-Info.plist in Resources */ = {isa = PBXBuildFile; fileRef = B33108642677876600179209 /* GoogleService-Info.plist */; };
		B360A8E626762F1500EF6FEC /* 2.json in Resources */ = {isa = PBXBuildFile; fileRef = B360A8E526762F1500EF6FEC /* 2.json */; };
		B360A8F92677777000EF6FEC /* 3.json in Resources */ = {isa = PBXBuildFile; fileRef = B360A8F82677777000EF6FEC /* 3.json */; };
		B3CCF3A7267387A200F95312 /* AppDelegate.swift in Sources */ = {isa = PBXBuildFile; fileRef = B3CCF3A6267387A200F95312 /* AppDelegate.swift */; };
		B3CCF3A9267387A200F95312 /* SceneDelegate.swift in Sources */ = {isa = PBXBuildFile; fileRef = B3CCF3A8267387A200F95312 /* SceneDelegate.swift */; };
		B3CCF3AE267387A200F95312 /* Main.storyboard in Resources */ = {isa = PBXBuildFile; fileRef = B3CCF3AC267387A200F95312 /* Main.storyboard */; };
		B3CCF3B0267387A300F95312 /* Assets.xcassets in Resources */ = {isa = PBXBuildFile; fileRef = B3CCF3AF267387A300F95312 /* Assets.xcassets */; };
		B3CCF3B3267387A300F95312 /* LaunchScreen.storyboard in Resources */ = {isa = PBXBuildFile; fileRef = B3CCF3B1267387A300F95312 /* LaunchScreen.storyboard */; };
		B3CCF3BC26738E3900F95312 /* 1.json in Resources */ = {isa = PBXBuildFile; fileRef = B3CCF3BB26738E3900F95312 /* 1.json */; };
		B3CCF3BF26738EEA00F95312 /* introViewController.swift in Sources */ = {isa = PBXBuildFile; fileRef = B3CCF3BE26738EEA00F95312 /* introViewController.swift */; };
		B3CCF3CB2674D6BD00F95312 /* SettingViewController.swift in Sources */ = {isa = PBXBuildFile; fileRef = B3CCF3CA2674D6BD00F95312 /* SettingViewController.swift */; };
		B3CCF3CE2674D70E00F95312 /* LoginViewController.swift in Sources */ = {isa = PBXBuildFile; fileRef = B3CCF3CD2674D70E00F95312 /* LoginViewController.swift */; };
		B3CCF3D32674D86D00F95312 /* PastRankingViewController.swift in Sources */ = {isa = PBXBuildFile; fileRef = B3CCF3D22674D86D00F95312 /* PastRankingViewController.swift */; };
		B3CCF3D62674D95200F95312 /* TopicViewController.swift in Sources */ = {isa = PBXBuildFile; fileRef = B3CCF3D52674D95200F95312 /* TopicViewController.swift */; };
		B3D25D11268762710005CE27 /* Login.storyboard in Resources */ = {isa = PBXBuildFile; fileRef = B3D25D10268762710005CE27 /* Login.storyboard */; };
		B3D25D18268764670005CE27 /* NewLoginViewController.swift in Sources */ = {isa = PBXBuildFile; fileRef = B3D25D17268764670005CE27 /* NewLoginViewController.swift */; };
/* End PBXBuildFile section */

/* Begin PBXFileReference section */
		6B7E2793735AC1862DA0C647 /* Pods_GoodComment.framework */ = {isa = PBXFileReference; explicitFileType = wrapper.framework; includeInIndex = 0; path = Pods_GoodComment.framework; sourceTree = BUILT_PRODUCTS_DIR; };
		9DF6A765ABFED646D4AF479A /* Pods-GoodComment.release.xcconfig */ = {isa = PBXFileReference; includeInIndex = 1; lastKnownFileType = text.xcconfig; name = "Pods-GoodComment.release.xcconfig"; path = "Target Support Files/Pods-GoodComment/Pods-GoodComment.release.xcconfig"; sourceTree = "<group>"; };
		B308274226778CC300D9DBE4 /* TabBarController.swift */ = {isa = PBXFileReference; lastKnownFileType = sourcecode.swift; path = TabBarController.swift; sourceTree = "<group>"; };
		B30F78B5267E14ED00256742 /* UIColor-Extension.swift */ = {isa = PBXFileReference; lastKnownFileType = sourcecode.swift; path = "UIColor-Extension.swift"; sourceTree = "<group>"; };
		B33108642677876600179209 /* GoogleService-Info.plist */ = {isa = PBXFileReference; fileEncoding = 4; lastKnownFileType = text.plist.xml; path = "GoogleService-Info.plist"; sourceTree = "<group>"; };
		B360A8E526762F1500EF6FEC /* 2.json */ = {isa = PBXFileReference; fileEncoding = 4; lastKnownFileType = text.json; path = 2.json; sourceTree = "<group>"; };
		B360A8F82677777000EF6FEC /* 3.json */ = {isa = PBXFileReference; fileEncoding = 4; lastKnownFileType = text.json; path = 3.json; sourceTree = "<group>"; };
		B3CCF3A3267387A200F95312 /* GoodComment.app */ = {isa = PBXFileReference; explicitFileType = wrapper.application; includeInIndex = 0; path = GoodComment.app; sourceTree = BUILT_PRODUCTS_DIR; };
		B3CCF3A6267387A200F95312 /* AppDelegate.swift */ = {isa = PBXFileReference; lastKnownFileType = sourcecode.swift; path = AppDelegate.swift; sourceTree = "<group>"; };
		B3CCF3A8267387A200F95312 /* SceneDelegate.swift */ = {isa = PBXFileReference; lastKnownFileType = sourcecode.swift; path = SceneDelegate.swift; sourceTree = "<group>"; };
		B3CCF3AD267387A200F95312 /* Base */ = {isa = PBXFileReference; lastKnownFileType = file.storyboard; name = Base; path = Base.lproj/Main.storyboard; sourceTree = "<group>"; };
		B3CCF3AF267387A300F95312 /* Assets.xcassets */ = {isa = PBXFileReference; lastKnownFileType = folder.assetcatalog; path = Assets.xcassets; sourceTree = "<group>"; };
		B3CCF3B2267387A300F95312 /* Base */ = {isa = PBXFileReference; lastKnownFileType = file.storyboard; name = Base; path = Base.lproj/LaunchScreen.storyboard; sourceTree = "<group>"; };
		B3CCF3B4267387A300F95312 /* Info.plist */ = {isa = PBXFileReference; lastKnownFileType = text.plist.xml; path = Info.plist; sourceTree = "<group>"; };
		B3CCF3BB26738E3900F95312 /* 1.json */ = {isa = PBXFileReference; fileEncoding = 4; lastKnownFileType = text.json; path = 1.json; sourceTree = "<group>"; };
		B3CCF3BE26738EEA00F95312 /* introViewController.swift */ = {isa = PBXFileReference; lastKnownFileType = sourcecode.swift; path = introViewController.swift; sourceTree = "<group>"; };
		B3CCF3CA2674D6BD00F95312 /* SettingViewController.swift */ = {isa = PBXFileReference; lastKnownFileType = sourcecode.swift; path = SettingViewController.swift; sourceTree = "<group>"; };
		B3CCF3CD2674D70E00F95312 /* LoginViewController.swift */ = {isa = PBXFileReference; lastKnownFileType = sourcecode.swift; path = LoginViewController.swift; sourceTree = "<group>"; };
		B3CCF3D22674D86D00F95312 /* PastRankingViewController.swift */ = {isa = PBXFileReference; lastKnownFileType = sourcecode.swift; path = PastRankingViewController.swift; sourceTree = "<group>"; };
		B3CCF3D52674D95200F95312 /* TopicViewController.swift */ = {isa = PBXFileReference; lastKnownFileType = sourcecode.swift; path = TopicViewController.swift; sourceTree = "<group>"; };
		B3D25D10268762710005CE27 /* Login.storyboard */ = {isa = PBXFileReference; lastKnownFileType = file.storyboard; path = Login.storyboard; sourceTree = "<group>"; };
		B3D25D17268764670005CE27 /* NewLoginViewController.swift */ = {isa = PBXFileReference; lastKnownFileType = sourcecode.swift; path = NewLoginViewController.swift; sourceTree = "<group>"; };
		D0E7B79356DD9C967823A1E1 /* Pods-GoodComment.debug.xcconfig */ = {isa = PBXFileReference; includeInIndex = 1; lastKnownFileType = text.xcconfig; name = "Pods-GoodComment.debug.xcconfig"; path = "Target Support Files/Pods-GoodComment/Pods-GoodComment.debug.xcconfig"; sourceTree = "<group>"; };
/* End PBXFileReference section */

/* Begin PBXFrameworksBuildPhase section */
		B3CCF3A0267387A200F95312 /* Frameworks */ = {
			isa = PBXFrameworksBuildPhase;
			buildActionMask = 2147483647;
			files = (
				25695FE34C1B825F815CC389 /* Pods_GoodComment.framework in Frameworks */,
			);
			runOnlyForDeploymentPostprocessing = 0;
		};
/* End PBXFrameworksBuildPhase section */

/* Begin PBXGroup section */
		8B19F18224E8461DBA8C7C07 /* Frameworks */ = {
			isa = PBXGroup;
			children = (
				6B7E2793735AC1862DA0C647 /* Pods_GoodComment.framework */,
			);
			name = Frameworks;
			sourceTree = "<group>";
		};
		B3CCF39A267387A200F95312 = {
			isa = PBXGroup;
			children = (
				B3CCF3A5267387A200F95312 /* GoodComment */,
				B3CCF3A4267387A200F95312 /* Products */,
				E0CA0DA544CD729D799FEB93 /* Pods */,
				8B19F18224E8461DBA8C7C07 /* Frameworks */,
			);
			sourceTree = "<group>";
		};
		B3CCF3A4267387A200F95312 /* Products */ = {
			isa = PBXGroup;
			children = (
				B3CCF3A3267387A200F95312 /* GoodComment.app */,
			);
			name = Products;
			sourceTree = "<group>";
		};
		B3CCF3A5267387A200F95312 /* GoodComment */ = {
			isa = PBXGroup;
			children = (
				B3CCF3C62674A3EC00F95312 /* Model */,
				B3CCF3C72674A3F900F95312 /* View */,
				B3CCF3C82674A40100F95312 /* Controller */,
				B3CCF3B4267387A300F95312 /* Info.plist */,
				B3D25D10268762710005CE27 /* Login.storyboard */,
				B33108642677876600179209 /* GoogleService-Info.plist */,
				B3CCF3BB26738E3900F95312 /* 1.json */,
				B360A8E526762F1500EF6FEC /* 2.json */,
				B360A8F82677777000EF6FEC /* 3.json */,
			);
			path = GoodComment;
			sourceTree = "<group>";
		};
		B3CCF3C62674A3EC00F95312 /* Model */ = {
			isa = PBXGroup;
			children = (
			);
			path = Model;
			sourceTree = "<group>";
		};
		B3CCF3C72674A3F900F95312 /* View */ = {
			isa = PBXGroup;
			children = (
				B3CCF3AF267387A300F95312 /* Assets.xcassets */,
				B3CCF3AC267387A200F95312 /* Main.storyboard */,
				B3CCF3B1267387A300F95312 /* LaunchScreen.storyboard */,
			);
			path = View;
			sourceTree = "<group>";
		};
		B3CCF3C82674A40100F95312 /* Controller */ = {
			isa = PBXGroup;
			children = (
				B30F78B5267E14ED00256742 /* UIColor-Extension.swift */,
				B3CCF3BE26738EEA00F95312 /* introViewController.swift */,
				B3CCF3D52674D95200F95312 /* TopicViewController.swift */,
				B3CCF3CA2674D6BD00F95312 /* SettingViewController.swift */,
				B3CCF3D22674D86D00F95312 /* PastRankingViewController.swift */,
				B3CCF3CD2674D70E00F95312 /* LoginViewController.swift */,
				B3D25D17268764670005CE27 /* NewLoginViewController.swift */,
				B3CCF3A6267387A200F95312 /* AppDelegate.swift */,
				B3CCF3A8267387A200F95312 /* SceneDelegate.swift */,
				B308274226778CC300D9DBE4 /* TabBarController.swift */,
			);
			path = Controller;
			sourceTree = "<group>";
		};
		E0CA0DA544CD729D799FEB93 /* Pods */ = {
			isa = PBXGroup;
			children = (
				D0E7B79356DD9C967823A1E1 /* Pods-GoodComment.debug.xcconfig */,
				9DF6A765ABFED646D4AF479A /* Pods-GoodComment.release.xcconfig */,
			);
			path = Pods;
			sourceTree = "<group>";
		};
/* End PBXGroup section */

/* Begin PBXNativeTarget section */
		B3CCF3A2267387A200F95312 /* GoodComment */ = {
			isa = PBXNativeTarget;
			buildConfigurationList = B3CCF3B7267387A300F95312 /* Build configuration list for PBXNativeTarget "GoodComment" */;
			buildPhases = (
				4F33A4F5E1789F655A600B8A /* [CP] Check Pods Manifest.lock */,
				B3CCF39F267387A200F95312 /* Sources */,
				B3CCF3A0267387A200F95312 /* Frameworks */,
				B3CCF3A1267387A200F95312 /* Resources */,
				47C3D071F5710FE54E52EC05 /* [CP] Embed Pods Frameworks */,
			);
			buildRules = (
			);
			dependencies = (
			);
			name = GoodComment;
			productName = GoodComment;
			productReference = B3CCF3A3267387A200F95312 /* GoodComment.app */;
			productType = "com.apple.product-type.application";
		};
/* End PBXNativeTarget section */

/* Begin PBXProject section */
		B3CCF39B267387A200F95312 /* Project object */ = {
			isa = PBXProject;
			attributes = {
				LastSwiftUpdateCheck = 1220;
				LastUpgradeCheck = 1220;
				TargetAttributes = {
					B3CCF3A2267387A200F95312 = {
						CreatedOnToolsVersion = 12.2;
					};
				};
			};
			buildConfigurationList = B3CCF39E267387A200F95312 /* Build configuration list for PBXProject "GoodComment" */;
			compatibilityVersion = "Xcode 9.3";
			developmentRegion = en;
			hasScannedForEncodings = 0;
			knownRegions = (
				en,
				Base,
			);
			mainGroup = B3CCF39A267387A200F95312;
			productRefGroup = B3CCF3A4267387A200F95312 /* Products */;
			projectDirPath = "";
			projectRoot = "";
			targets = (
				B3CCF3A2267387A200F95312 /* GoodComment */,
			);
		};
/* End PBXProject section */

/* Begin PBXResourcesBuildPhase section */
		B3CCF3A1267387A200F95312 /* Resources */ = {
			isa = PBXResourcesBuildPhase;
			buildActionMask = 2147483647;
			files = (
				B3D25D11268762710005CE27 /* Login.storyboard in Resources */,
				B3CCF3B3267387A300F95312 /* LaunchScreen.storyboard in Resources */,
				B3CCF3BC26738E3900F95312 /* 1.json in Resources */,
				B3CCF3B0267387A300F95312 /* Assets.xcassets in Resources */,
				B360A8F92677777000EF6FEC /* 3.json in Resources */,
				B3CCF3AE267387A200F95312 /* Main.storyboard in Resources */,
				B360A8E626762F1500EF6FEC /* 2.json in Resources */,
				B33108652677876600179209 /* GoogleService-Info.plist in Resources */,
			);
			runOnlyForDeploymentPostprocessing = 0;
		};
/* End PBXResourcesBuildPhase section */

/* Begin PBXShellScriptBuildPhase section */
		47C3D071F5710FE54E52EC05 /* [CP] Embed Pods Frameworks */ = {
			isa = PBXShellScriptBuildPhase;
			buildActionMask = 2147483647;
			files = (
			);
			inputFileListPaths = (
				"${PODS_ROOT}/Target Support Files/Pods-GoodComment/Pods-GoodComment-frameworks-${CONFIGURATION}-input-files.xcfilelist",
			);
			name = "[CP] Embed Pods Frameworks";
			outputFileListPaths = (
				"${PODS_ROOT}/Target Support Files/Pods-GoodComment/Pods-GoodComment-frameworks-${CONFIGURATION}-output-files.xcfilelist",
			);
			runOnlyForDeploymentPostprocessing = 0;
			shellPath = /bin/sh;
			shellScript = "\"${PODS_ROOT}/Target Support Files/Pods-GoodComment/Pods-GoodComment-frameworks.sh\"\n";
			showEnvVarsInLog = 0;
		};
		4F33A4F5E1789F655A600B8A /* [CP] Check Pods Manifest.lock */ = {
			isa = PBXShellScriptBuildPhase;
			buildActionMask = 2147483647;
			files = (
			);
			inputFileListPaths = (
			);
			inputPaths = (
				"${PODS_PODFILE_DIR_PATH}/Podfile.lock",
				"${PODS_ROOT}/Manifest.lock",
			);
			name = "[CP] Check Pods Manifest.lock";
			outputFileListPaths = (
			);
			outputPaths = (
				"$(DERIVED_FILE_DIR)/Pods-GoodComment-checkManifestLockResult.txt",
			);
			runOnlyForDeploymentPostprocessing = 0;
			shellPath = /bin/sh;
			shellScript = "diff \"${PODS_PODFILE_DIR_PATH}/Podfile.lock\" \"${PODS_ROOT}/Manifest.lock\" > /dev/null\nif [ $? != 0 ] ; then\n    # print error to STDERR\n    echo \"error: The sandbox is not in sync with the Podfile.lock. Run 'pod install' or update your CocoaPods installation.\" >&2\n    exit 1\nfi\n# This output is used by Xcode 'outputs' to avoid re-running this script phase.\necho \"SUCCESS\" > \"${SCRIPT_OUTPUT_FILE_0}\"\n";
			showEnvVarsInLog = 0;
		};
/* End PBXShellScriptBuildPhase section */

/* Begin PBXSourcesBuildPhase section */
		B3CCF39F267387A200F95312 /* Sources */ = {
			isa = PBXSourcesBuildPhase;
			buildActionMask = 2147483647;
			files = (
				B3CCF3CE2674D70E00F95312 /* LoginViewController.swift in Sources */,
				B308274326778CC300D9DBE4 /* TabBarController.swift in Sources */,
				B3CCF3CB2674D6BD00F95312 /* SettingViewController.swift in Sources */,
				B3D25D18268764670005CE27 /* NewLoginViewController.swift in Sources */,
				B3CCF3D62674D95200F95312 /* TopicViewController.swift in Sources */,
				B30F78B6267E14ED00256742 /* UIColor-Extension.swift in Sources */,
				B3CCF3D32674D86D00F95312 /* PastRankingViewController.swift in Sources */,
				B3CCF3A7267387A200F95312 /* AppDelegate.swift in Sources */,
				B3CCF3A9267387A200F95312 /* SceneDelegate.swift in Sources */,
				B3CCF3BF26738EEA00F95312 /* introViewController.swift in Sources */,
			);
			runOnlyForDeploymentPostprocessing = 0;
		};
/* End PBXSourcesBuildPhase section */

/* Begin PBXVariantGroup section */
		B3CCF3AC267387A200F95312 /* Main.storyboard */ = {
			isa = PBXVariantGroup;
			children = (
				B3CCF3AD267387A200F95312 /* Base */,
			);
			name = Main.storyboard;
			sourceTree = "<group>";
		};
		B3CCF3B1267387A300F95312 /* LaunchScreen.storyboard */ = {
			isa = PBXVariantGroup;
			children = (
				B3CCF3B2267387A300F95312 /* Base */,
			);
			name = LaunchScreen.storyboard;
			sourceTree = "<group>";
		};
/* End PBXVariantGroup section */

/* Begin XCBuildConfiguration section */
		B3CCF3B5267387A300F95312 /* Debug */ = {
			isa = XCBuildConfiguration;
			buildSettings = {
				ALWAYS_SEARCH_USER_PATHS = NO;
				CLANG_ANALYZER_NONNULL = YES;
				CLANG_ANALYZER_NUMBER_OBJECT_CONVERSION = YES_AGGRESSIVE;
				CLANG_CXX_LANGUAGE_STANDARD = "gnu++14";
				CLANG_CXX_LIBRARY = "libc++";
				CLANG_ENABLE_MODULES = YES;
				CLANG_ENABLE_OBJC_ARC = YES;
				CLANG_ENABLE_OBJC_WEAK = YES;
				CLANG_WARN_BLOCK_CAPTURE_AUTORELEASING = YES;
				CLANG_WARN_BOOL_CONVERSION = YES;
				CLANG_WARN_COMMA = YES;
				CLANG_WARN_CONSTANT_CONVERSION = YES;
				CLANG_WARN_DEPRECATED_OBJC_IMPLEMENTATIONS = YES;
				CLANG_WARN_DIRECT_OBJC_ISA_USAGE = YES_ERROR;
				CLANG_WARN_DOCUMENTATION_COMMENTS = YES;
				CLANG_WARN_EMPTY_BODY = YES;
				CLANG_WARN_ENUM_CONVERSION = YES;
				CLANG_WARN_INFINITE_RECURSION = YES;
				CLANG_WARN_INT_CONVERSION = YES;
				CLANG_WARN_NON_LITERAL_NULL_CONVERSION = YES;
				CLANG_WARN_OBJC_IMPLICIT_RETAIN_SELF = YES;
				CLANG_WARN_OBJC_LITERAL_CONVERSION = YES;
				CLANG_WARN_OBJC_ROOT_CLASS = YES_ERROR;
				CLANG_WARN_QUOTED_INCLUDE_IN_FRAMEWORK_HEADER = YES;
				CLANG_WARN_RANGE_LOOP_ANALYSIS = YES;
				CLANG_WARN_STRICT_PROTOTYPES = YES;
				CLANG_WARN_SUSPICIOUS_MOVE = YES;
				CLANG_WARN_UNGUARDED_AVAILABILITY = YES_AGGRESSIVE;
				CLANG_WARN_UNREACHABLE_CODE = YES;
				CLANG_WARN__DUPLICATE_METHOD_MATCH = YES;
				COPY_PHASE_STRIP = NO;
				DEBUG_INFORMATION_FORMAT = dwarf;
				ENABLE_STRICT_OBJC_MSGSEND = YES;
				ENABLE_TESTABILITY = YES;
				GCC_C_LANGUAGE_STANDARD = gnu11;
				GCC_DYNAMIC_NO_PIC = NO;
				GCC_NO_COMMON_BLOCKS = YES;
				GCC_OPTIMIZATION_LEVEL = 0;
				GCC_PREPROCESSOR_DEFINITIONS = (
					"DEBUG=1",
					"$(inherited)",
				);
				GCC_WARN_64_TO_32_BIT_CONVERSION = YES;
				GCC_WARN_ABOUT_RETURN_TYPE = YES_ERROR;
				GCC_WARN_UNDECLARED_SELECTOR = YES;
				GCC_WARN_UNINITIALIZED_AUTOS = YES_AGGRESSIVE;
				GCC_WARN_UNUSED_FUNCTION = YES;
				GCC_WARN_UNUSED_VARIABLE = YES;
				INFOPLIST_FILE = hashimotokouya/Dropbox/GoodComment/GoodComment/Model/Info.plist;
				IPHONEOS_DEPLOYMENT_TARGET = 14.2;
				MTL_ENABLE_DEBUG_INFO = INCLUDE_SOURCE;
				MTL_FAST_MATH = YES;
				ONLY_ACTIVE_ARCH = YES;
				SDKROOT = iphoneos;
				SWIFT_ACTIVE_COMPILATION_CONDITIONS = DEBUG;
				SWIFT_OPTIMIZATION_LEVEL = "-Onone";
			};
			name = Debug;
		};
		B3CCF3B6267387A300F95312 /* Release */ = {
			isa = XCBuildConfiguration;
			buildSettings = {
				ALWAYS_SEARCH_USER_PATHS = NO;
				CLANG_ANALYZER_NONNULL = YES;
				CLANG_ANALYZER_NUMBER_OBJECT_CONVERSION = YES_AGGRESSIVE;
				CLANG_CXX_LANGUAGE_STANDARD = "gnu++14";
				CLANG_CXX_LIBRARY = "libc++";
				CLANG_ENABLE_MODULES = YES;
				CLANG_ENABLE_OBJC_ARC = YES;
				CLANG_ENABLE_OBJC_WEAK = YES;
				CLANG_WARN_BLOCK_CAPTURE_AUTORELEASING = YES;
				CLANG_WARN_BOOL_CONVERSION = YES;
				CLANG_WARN_COMMA = YES;
				CLANG_WARN_CONSTANT_CONVERSION = YES;
				CLANG_WARN_DEPRECATED_OBJC_IMPLEMENTATIONS = YES;
				CLANG_WARN_DIRECT_OBJC_ISA_USAGE = YES_ERROR;
				CLANG_WARN_DOCUMENTATION_COMMENTS = YES;
				CLANG_WARN_EMPTY_BODY = YES;
				CLANG_WARN_ENUM_CONVERSION = YES;
				CLANG_WARN_INFINITE_RECURSION = YES;
				CLANG_WARN_INT_CONVERSION = YES;
				CLANG_WARN_NON_LITERAL_NULL_CONVERSION = YES;
				CLANG_WARN_OBJC_IMPLICIT_RETAIN_SELF = YES;
				CLANG_WARN_OBJC_LITERAL_CONVERSION = YES;
				CLANG_WARN_OBJC_ROOT_CLASS = YES_ERROR;
				CLANG_WARN_QUOTED_INCLUDE_IN_FRAMEWORK_HEADER = YES;
				CLANG_WARN_RANGE_LOOP_ANALYSIS = YES;
				CLANG_WARN_STRICT_PROTOTYPES = YES;
				CLANG_WARN_SUSPICIOUS_MOVE = YES;
				CLANG_WARN_UNGUARDED_AVAILABILITY = YES_AGGRESSIVE;
				CLANG_WARN_UNREACHABLE_CODE = YES;
				CLANG_WARN__DUPLICATE_METHOD_MATCH = YES;
				COPY_PHASE_STRIP = NO;
				DEBUG_INFORMATION_FORMAT = "dwarf-with-dsym";
				ENABLE_NS_ASSERTIONS = NO;
				ENABLE_STRICT_OBJC_MSGSEND = YES;
				GCC_C_LANGUAGE_STANDARD = gnu11;
				GCC_NO_COMMON_BLOCKS = YES;
				GCC_WARN_64_TO_32_BIT_CONVERSION = YES;
				GCC_WARN_ABOUT_RETURN_TYPE = YES_ERROR;
				GCC_WARN_UNDECLARED_SELECTOR = YES;
				GCC_WARN_UNINITIALIZED_AUTOS = YES_AGGRESSIVE;
				GCC_WARN_UNUSED_FUNCTION = YES;
				GCC_WARN_UNUSED_VARIABLE = YES;
				INFOPLIST_FILE = hashimotokouya/Dropbox/GoodComment/GoodComment/Model/Info.plist;
				IPHONEOS_DEPLOYMENT_TARGET = 14.2;
				MTL_ENABLE_DEBUG_INFO = NO;
				MTL_FAST_MATH = YES;
				SDKROOT = iphoneos;
				SWIFT_COMPILATION_MODE = wholemodule;
				SWIFT_OPTIMIZATION_LEVEL = "-O";
				VALIDATE_PRODUCT = YES;
			};
			name = Release;
		};
		B3CCF3B8267387A300F95312 /* Debug */ = {
			isa = XCBuildConfiguration;
			baseConfigurationReference = D0E7B79356DD9C967823A1E1 /* Pods-GoodComment.debug.xcconfig */;
			buildSettings = {
				ASSETCATALOG_COMPILER_APPICON_NAME = AppIcon;
				ASSETCATALOG_COMPILER_GLOBAL_ACCENT_COLOR_NAME = AccentColor;
				CODE_SIGN_STYLE = Automatic;
				DEVELOPMENT_TEAM = 6PMKS9AH8Y;
				INFOPLIST_FILE = "$(SRCROOT)/GoodComment/Info.plist";
				LD_RUNPATH_SEARCH_PATHS = (
					"$(inherited)",
					"@executable_path/Frameworks",
				);
				PRODUCT_BUNDLE_IDENTIFIER = jp.techademy.kouya.Hashimoto.GoodComment;
				PRODUCT_NAME = "$(TARGET_NAME)";
				SWIFT_VERSION = 5.0;
				TARGETED_DEVICE_FAMILY = "1,2";
			};
			name = Debug;
		};
		B3CCF3B9267387A300F95312 /* Release */ = {
			isa = XCBuildConfiguration;
			baseConfigurationReference = 9DF6A765ABFED646D4AF479A /* Pods-GoodComment.release.xcconfig */;
			buildSettings = {
				ASSETCATALOG_COMPILER_APPICON_NAME = AppIcon;
				ASSETCATALOG_COMPILER_GLOBAL_ACCENT_COLOR_NAME = AccentColor;
				CODE_SIGN_STYLE = Automatic;
				DEVELOPMENT_TEAM = 6PMKS9AH8Y;
				INFOPLIST_FILE = "$(SRCROOT)/GoodComment/Info.plist";
				LD_RUNPATH_SEARCH_PATHS = (
					"$(inherited)",
					"@executable_path/Frameworks",
				);
				PRODUCT_BUNDLE_IDENTIFIER = jp.techademy.kouya.Hashimoto.GoodComment;
				PRODUCT_NAME = "$(TARGET_NAME)";
				SWIFT_VERSION = 5.0;
				TARGETED_DEVICE_FAMILY = "1,2";
			};
			name = Release;
		};
/* End XCBuildConfiguration section */

/* Begin XCConfigurationList section */
		B3CCF39E267387A200F95312 /* Build configuration list for PBXProject "GoodComment" */ = {
			isa = XCConfigurationList;
			buildConfigurations = (
				B3CCF3B5267387A300F95312 /* Debug */,
				B3CCF3B6267387A300F95312 /* Release */,
			);
			defaultConfigurationIsVisible = 0;
			defaultConfigurationName = Release;
		};
		B3CCF3B7267387A300F95312 /* Build configuration list for PBXNativeTarget "GoodComment" */ = {
			isa = XCConfigurationList;
			buildConfigurations = (
				B3CCF3B8267387A300F95312 /* Debug */,
				B3CCF3B9267387A300F95312 /* Release */,
			);
			defaultConfigurationIsVisible = 0;
			defaultConfigurationName = Release;
		};
/* End XCConfigurationList section */
	};
	rootObject = B3CCF39B267387A200F95312 /* Project object */;
}
